
Microsoft Visual Studio Solution File, Format Version 12.00
# Visual Studio Version 17
VisualStudioVersion = 17.4.33122.133
MinimumVisualStudioVersion = 10.0.40219.1
Project("{9A19103F-16F7-4668-BE54-9A1E7A4F7556}") = "APV.CRM.Service.Api", "APV.CRM.Service.Api\APV.CRM.Service.Api.csproj", "{49F3BBDB-484C-4401-B13D-018C2B719752}"
EndProject
Project("{2150E333-8FDC-42A3-9474-1A3956D46DE8}") = "Api", "Api", "{885D279D-0F2C-42F1-B398-435504AE8AF0}"
EndProject
Project("{2150E333-8FDC-42A3-9474-1A3956D46DE8}") = "Jobs", "Jobs", "{5F76D886-7844-443B-9FD7-A13D77B8C8E1}"
EndProject
Project("{9A19103F-16F7-4668-BE54-9A1E7A4F7556}") = "APV.CRM.Service.Service", "APV.CRM.Service.Service\APV.CRM.Service.Service.csproj", "{6983415A-011E-4EE1-8573-5B7D9FA169E3}"
EndProject
Project("{9A19103F-16F7-4668-BE54-9A1E7A4F7556}") = "PwC.Crm.Share", "PwC.Crm.Share\PwC.Crm.Share.csproj", "{AACBD2DE-01B3-40E2-A2DE-ACBDDD840127}"
EndProject
Project("{9A19103F-16F7-4668-BE54-9A1E7A4F7556}") = "APV.CRM.Service.Job.BaseData.UpdateCustomerBalanceReceivable", "Jobs\APV.CRM.Service.Job.BaseData.UpdateCustomerBalanceReceivable\APV.CRM.Service.Job.BaseData.UpdateCustomerBalanceReceivable.csproj", "{8779DF2A-ACEB-47EB-8AD0-FB5392E764F5}"
EndProject
Project("{FAE04EC0-301F-11D3-BF4B-00C04F79EFBC}") = "PwC.Crm.Models", "PwC.Crm.Models\PwC.Crm.Models.csproj", "{ED5BDCE7-7C4B-483B-9358-A06479DC87E7}"
EndProject
Global
	GlobalSection(SolutionConfigurationPlatforms) = preSolution
		Debug|Any CPU = Debug|Any CPU
		Release|Any CPU = Release|Any CPU
	EndGlobalSection
	GlobalSection(ProjectConfigurationPlatforms) = postSolution
		{49F3BBDB-484C-4401-B13D-018C2B719752}.Debug|Any CPU.ActiveCfg = Debug|Any CPU
		{49F3BBDB-484C-4401-B13D-018C2B719752}.Debug|Any CPU.Build.0 = Debug|Any CPU
		{49F3BBDB-484C-4401-B13D-018C2B719752}.Release|Any CPU.ActiveCfg = Release|Any CPU
		{49F3BBDB-484C-4401-B13D-018C2B719752}.Release|Any CPU.Build.0 = Release|Any CPU
		{6983415A-011E-4EE1-8573-5B7D9FA169E3}.Debug|Any CPU.ActiveCfg = Debug|Any CPU
		{6983415A-011E-4EE1-8573-5B7D9FA169E3}.Debug|Any CPU.Build.0 = Debug|Any CPU
		{6983415A-011E-4EE1-8573-5B7D9FA169E3}.Release|Any CPU.ActiveCfg = Release|Any CPU
		{6983415A-011E-4EE1-8573-5B7D9FA169E3}.Release|Any CPU.Build.0 = Release|Any CPU
		{AACBD2DE-01B3-40E2-A2DE-ACBDDD840127}.Debug|Any CPU.ActiveCfg = Debug|Any CPU
		{AACBD2DE-01B3-40E2-A2DE-ACBDDD840127}.Debug|Any CPU.Build.0 = Debug|Any CPU
		{AACBD2DE-01B3-40E2-A2DE-ACBDDD840127}.Release|Any CPU.ActiveCfg = Release|Any CPU
		{AACBD2DE-01B3-40E2-A2DE-ACBDDD840127}.Release|Any CPU.Build.0 = Release|Any CPU
		{8779DF2A-ACEB-47EB-8AD0-FB5392E764F5}.Debug|Any CPU.ActiveCfg = Debug|Any CPU
		{8779DF2A-ACEB-47EB-8AD0-FB5392E764F5}.Debug|Any CPU.Build.0 = Debug|Any CPU
		{8779DF2A-ACEB-47EB-8AD0-FB5392E764F5}.Release|Any CPU.ActiveCfg = Release|Any CPU
		{8779DF2A-ACEB-47EB-8AD0-FB5392E764F5}.Release|Any CPU.Build.0 = Release|Any CPU
		{ED5BDCE7-7C4B-483B-9358-A06479DC87E7}.Debug|Any CPU.ActiveCfg = Debug|Any CPU
		{ED5BDCE7-7C4B-483B-9358-A06479DC87E7}.Debug|Any CPU.Build.0 = Debug|Any CPU
		{ED5BDCE7-7C4B-483B-9358-A06479DC87E7}.Release|Any CPU.ActiveCfg = Release|Any CPU
		{ED5BDCE7-7C4B-483B-9358-A06479DC87E7}.Release|Any CPU.Build.0 = Release|Any CPU
	EndGlobalSection
	GlobalSection(SolutionProperties) = preSolution
		HideSolutionNode = FALSE
	EndGlobalSection
	GlobalSection(NestedProjects) = preSolution
		{49F3BBDB-484C-4401-B13D-018C2B719752} = {885D279D-0F2C-42F1-B398-435504AE8AF0}
		{8779DF2A-ACEB-47EB-8AD0-FB5392E764F5} = {5F76D886-7844-443B-9FD7-A13D77B8C8E1}
	EndGlobalSection
	GlobalSection(ExtensibilityGlobals) = postSolution
		SolutionGuid = {F5018008-C073-4BBE-89A1-8EF48CA791F4}
	EndGlobalSection
EndGlobal
