
Microsoft Visual Studio Solution File, Format Version 12.00
# Visual Studio Version 17
VisualStudioVersion = 17.4.33122.133
MinimumVisualStudioVersion = 10.0.40219.1
Project("{9A19103F-16F7-4668-BE54-9A1E7A4F7556}") = "PwC.CRM.Api", "PwC.CRM.Api\PwC.CRM.Api.csproj", "{49F3BBDB-484C-4401-B13D-018C2B719752}"
EndProject
Project("{9A19103F-16F7-4668-BE54-9A1E7A4F7556}") = "PwC.CRM.Service", "PwC.CRM.Service\PwC.CRM.Service.csproj", "{6983415A-011E-4EE1-8573-5B7D9FA169E3}"
EndProject
Project("{9A19103F-16F7-4668-BE54-9A1E7A4F7556}") = "PwC.CRM.Share", "Infrastructure\PwC.Crm.Share\PwC.CRM.Share.csproj", "{AACBD2DE-01B3-40E2-A2DE-ACBDDD840127}"
EndProject
Project("{9A19103F-16F7-4668-BE54-9A1E7A4F7556}") = "PwC.CRM.Models", "Infrastructure\PwC.Crm.Models\PwC.CRM.Models.csproj", "{ED5BDCE7-7C4B-483B-9358-A06479DC87E7}"
EndProject
Project("{2150E333-8FDC-42A3-9474-1A3956D46DE8}") = "Infrastructure", "Infrastructure", "{20BC059A-CA64-479A-8EAC-21F40C5D991F}"
EndProject
Global
	GlobalSection(SolutionConfigurationPlatforms) = preSolution
		Debug|Any CPU = Debug|Any CPU
		Release|Any CPU = Release|Any CPU
	EndGlobalSection
	GlobalSection(ProjectConfigurationPlatforms) = postSolution
		{49F3BBDB-484C-4401-B13D-018C2B719752}.Debug|Any CPU.ActiveCfg = Debug|Any CPU
		{49F3BBDB-484C-4401-B13D-018C2B719752}.Debug|Any CPU.Build.0 = Debug|Any CPU
		{49F3BBDB-484C-4401-B13D-018C2B719752}.Release|Any CPU.ActiveCfg = Release|Any CPU
		{49F3BBDB-484C-4401-B13D-018C2B719752}.Release|Any CPU.Build.0 = Release|Any CPU
		{6983415A-011E-4EE1-8573-5B7D9FA169E3}.Debug|Any CPU.ActiveCfg = Debug|Any CPU
		{6983415A-011E-4EE1-8573-5B7D9FA169E3}.Debug|Any CPU.Build.0 = Debug|Any CPU
		{6983415A-011E-4EE1-8573-5B7D9FA169E3}.Release|Any CPU.ActiveCfg = Release|Any CPU
		{6983415A-011E-4EE1-8573-5B7D9FA169E3}.Release|Any CPU.Build.0 = Release|Any CPU
		{AACBD2DE-01B3-40E2-A2DE-ACBDDD840127}.Debug|Any CPU.ActiveCfg = Debug|Any CPU
		{AACBD2DE-01B3-40E2-A2DE-ACBDDD840127}.Debug|Any CPU.Build.0 = Debug|Any CPU
		{AACBD2DE-01B3-40E2-A2DE-ACBDDD840127}.Release|Any CPU.ActiveCfg = Release|Any CPU
		{AACBD2DE-01B3-40E2-A2DE-ACBDDD840127}.Release|Any CPU.Build.0 = Release|Any CPU
		{ED5BDCE7-7C4B-483B-9358-A06479DC87E7}.Debug|Any CPU.ActiveCfg = Debug|Any CPU
		{ED5BDCE7-7C4B-483B-9358-A06479DC87E7}.Debug|Any CPU.Build.0 = Debug|Any CPU
		{ED5BDCE7-7C4B-483B-9358-A06479DC87E7}.Release|Any CPU.ActiveCfg = Release|Any CPU
		{ED5BDCE7-7C4B-483B-9358-A06479DC87E7}.Release|Any CPU.Build.0 = Release|Any CPU
	EndGlobalSection
	GlobalSection(SolutionProperties) = preSolution
		HideSolutionNode = FALSE
	EndGlobalSection
	GlobalSection(NestedProjects) = preSolution
		{AACBD2DE-01B3-40E2-A2DE-ACBDDD840127} = {20BC059A-CA64-479A-8EAC-21F40C5D991F}
		{ED5BDCE7-7C4B-483B-9358-A06479DC87E7} = {20BC059A-CA64-479A-8EAC-21F40C5D991F}
	EndGlobalSection
	GlobalSection(ExtensibilityGlobals) = postSolution
		SolutionGuid = {F5018008-C073-4BBE-89A1-8EF48CA791F4}
	EndGlobalSection
EndGlobal
